
Microsoft Visual Studio Solution File, Format Version 12.00
# Visual Studio 15
VisualStudioVersion = 15.0.28307.271
MinimumVisualStudioVersion = 10.0.40219.1
Project("{FAE04EC0-301F-11D3-BF4B-00C04F79EFBC}") = "Senai.SviGufo.WebApi", "Senai.SviGufo.WebApi\Senai.SviGufo.WebApi.csproj", "{B989A48D-5DE9-4696-A9B2-E320558CC5CC}"
EndProject
Global
	GlobalSection(SolutionConfigurationPlatforms) = preSolution
		Debug|Any CPU = Debug|Any CPU
		Release|Any CPU = Release|Any CPU
	EndGlobalSection
	GlobalSection(ProjectConfigurationPlatforms) = postSolution
		{B989A48D-5DE9-4696-A9B2-E320558CC5CC}.Debug|Any CPU.ActiveCfg = Debug|Any CPU
		{B989A48D-5DE9-4696-A9B2-E320558CC5CC}.Debug|Any CPU.Build.0 = Debug|Any CPU
		{B989A48D-5DE9-4696-A9B2-E320558CC5CC}.Release|Any CPU.ActiveCfg = Release|Any CPU
		{B989A48D-5DE9-4696-A9B2-E320558CC5CC}.Release|Any CPU.Build.0 = Release|Any CPU
	EndGlobalSection
	GlobalSection(SolutionProperties) = preSolution
		HideSolutionNode = FALSE
	EndGlobalSection
	GlobalSection(ExtensibilityGlobals) = postSolution
		SolutionGuid = {FC3F926F-DAFB-47C0-BB26-9285A1B0D9A4}
	EndGlobalSection
EndGlobal
